
Microsoft Visual Studio Solution File, Format Version 12.00
# Visual Studio Version 16
VisualStudioVersion = 16.0.29920.165
MinimumVisualStudioVersion = 10.0.40219.1
Project("{FAE04EC0-301F-11D3-BF4B-00C04F79EFBC}") = "TaskEFC", "TaskEFC\TaskEFC.csproj", "{8A3CCFF6-3339-401F-A251-077A580AFDF6}"
EndProject
Global
	GlobalSection(SolutionConfigurationPlatforms) = preSolution
		Debug|Any CPU = Debug|Any CPU
		Release|Any CPU = Release|Any CPU
	EndGlobalSection
	GlobalSection(ProjectConfigurationPlatforms) = postSolution
		{8A3CCFF6-3339-401F-A251-077A580AFDF6}.Debug|Any CPU.ActiveCfg = Debug|Any CPU
		{8A3CCFF6-3339-401F-A251-077A580AFDF6}.Debug|Any CPU.Build.0 = Debug|Any CPU
		{8A3CCFF6-3339-401F-A251-077A580AFDF6}.Release|Any CPU.ActiveCfg = Release|Any CPU
		{8A3CCFF6-3339-401F-A251-077A580AFDF6}.Release|Any CPU.Build.0 = Release|Any CPU
	EndGlobalSection
	GlobalSection(SolutionProperties) = preSolution
		HideSolutionNode = FALSE
	EndGlobalSection
	GlobalSection(ExtensibilityGlobals) = postSolution
		SolutionGuid = {EA788B20-B9B1-44BC-8B03-25AE56AE1FF7}
	EndGlobalSection
EndGlobal
